{
  "name": "provadojo",
  "version": "1.0.0",
  "lockfileVersion": 1,
  "requires": true,
  "dependencies": {
    "dijit": {
      "version": "1.13.0",
      "resolved": "https://registry.npmjs.org/dijit/-/dijit-1.13.0.tgz",
      "integrity": "sha512-trzi45atc86S37/AtgcUC4akByxpqeKfoOftXlgrTSoM136tjcgLbWUYGjFkP3hk2APTDrYOCSa8xTjhp3YPpw==",
      "requires": {
        "dojo": "1.13.0"
      }
    },
    "dojo": {
      "version": "1.13.0",
      "resolved": "https://registry.npmjs.org/dojo/-/dojo-1.13.0.tgz",
      "integrity": "sha512-mGoGvsXAbPkUrBnxCoO7m6CFH8jvWq7rAL7fP7jrhJEOyswA/bZwWdXwEH0ovs68t8S0+xOpV/3V7addYbaiAA=="
    },
    "dojo-util": {
      "version": "1.13.0",
      "resolved": "https://registry.npmjs.org/dojo-util/-/dojo-util-1.13.0.tgz",
      "integrity": "sha512-c5Vsd1T8bydfWSyLcgQK+l7k/Ln47B56P5xwxgi9htUIMckK2Ti9F8tAZjBhKhKvtvm77H4KqiuFTT6FXAnRKA=="
    },
    "dojox": {
      "version": "1.13.0",
      "resolved": "https://registry.npmjs.org/dojox/-/dojox-1.13.0.tgz",
      "integrity": "sha512-mbQv39n3x7DvpZMWsTtCo7hYQzM8O/s+ylgi5zxgRhQOhQPY7V+LV2gF6z4rNk75Sw7Ssrk/PyILtJo8ZHccGw==",
      "requires": {
        "dijit": "1.13.0",
        "dojo": "1.13.0"
      }
    }
  }
}
